
Microsoft Visual Studio Solution File, Format Version 12.00
# Visual Studio Version 17
VisualStudioVersion = 17.11.35222.181
MinimumVisualStudioVersion = 10.0.40219.1
Project("{8BC9CEB8-8B4A-11D0-8D11-00A0C91BC942}") = "Домашнее задание по информатике №1, Николаев Кирилл, ИУ1-12Б", "Домашнее задание по информатике №1, Николаев Кирилл, ИУ1-12Б.vcxproj", "{C92528FF-846F-4445-B610-32C0435F9F0A}"
EndProject
Global
	GlobalSection(SolutionConfigurationPlatforms) = preSolution
		Debug|x64 = Debug|x64
		Debug|x86 = Debug|x86
		Release|x64 = Release|x64
		Release|x86 = Release|x86
	EndGlobalSection
	GlobalSection(ProjectConfigurationPlatforms) = postSolution
		{C92528FF-846F-4445-B610-32C0435F9F0A}.Debug|x64.ActiveCfg = Debug|x64
		{C92528FF-846F-4445-B610-32C0435F9F0A}.Debug|x64.Build.0 = Debug|x64
		{C92528FF-846F-4445-B610-32C0435F9F0A}.Debug|x86.ActiveCfg = Debug|Win32
		{C92528FF-846F-4445-B610-32C0435F9F0A}.Debug|x86.Build.0 = Debug|Win32
		{C92528FF-846F-4445-B610-32C0435F9F0A}.Release|x64.ActiveCfg = Release|x64
		{C92528FF-846F-4445-B610-32C0435F9F0A}.Release|x64.Build.0 = Release|x64
		{C92528FF-846F-4445-B610-32C0435F9F0A}.Release|x86.ActiveCfg = Release|Win32
		{C92528FF-846F-4445-B610-32C0435F9F0A}.Release|x86.Build.0 = Release|Win32
	EndGlobalSection
	GlobalSection(SolutionProperties) = preSolution
		HideSolutionNode = FALSE
	EndGlobalSection
	GlobalSection(ExtensibilityGlobals) = postSolution
		SolutionGuid = {E6FF16F5-A49F-480B-89FC-4580EFF04333}
	EndGlobalSection
EndGlobal
